GEM
  remote: https://rubygems.org/
  specs:
    csv (3.3.5)
    image_size (3.4.0)
    md2review (1.12.1)
      redcarpet (> 2.0.0)
    nkf (0.2.0)
    pastel (0.8.0)
      tty-color (~> 0.5)
    rake (13.3.1)
    redcarpet (3.6.0)
    review (5.10.0)
      csv
      image_size
      nkf
      rexml
      rouge
      rubyzip
      tty-logger
    rexml (3.4.4)
    rouge (4.7.0)
    rubyzip (2.4.1)
    tty-color (0.6.0)
    tty-logger (0.6.0)
      pastel (~> 0.8)

PLATFORMS
  ruby
  x86_64-linux

DEPENDENCIES
  md2review
  rake
  review

CHECKSUMS
  csv (3.3.5) sha256=6e5134ac3383ef728b7f02725d9872934f523cb40b961479f69cf3afa6c8e73f
  image_size (3.4.0) sha256=c6a580513fe74947e25e5d3f0aea1e33add6c20f7d0007efa65504317b7f029a
  md2review (1.12.1) sha256=47516478a7f66417856d893a9c68bf3107a9df04bb2c5cc5b201cbdbb6499948
  nkf (0.2.0) sha256=fbc151bda025451f627fafdfcb3f4f13d0b22ae11f58c6d3a2939c76c5f5f126
  pastel (0.8.0) sha256=481da9fb7d2f6e6b1a08faf11fa10363172dc40fd47848f096ae21209f805a75
  rake (13.3.1) sha256=8c9e89d09f66a26a01264e7e3480ec0607f0c497a861ef16063604b1b08eb19c
  redcarpet (3.6.0) sha256=8ad1889c0355ff4c47174af14edd06d62f45a326da1da6e8a121d59bdcd2e9e9
  review (5.10.0) sha256=49e5c32d677c6fe54052330fd687b08f8e7863ff0e8b9cb68bb134bba7591b8f
  rexml (3.4.4) sha256=19e0a2c3425dfbf2d4fc1189747bdb2f849b6c5e74180401b15734bc97b5d142
  rouge (4.7.0) sha256=dba5896715c0325c362e895460a6d350803dbf6427454f49a47500f3193ea739
  rubyzip (2.4.1) sha256=8577c88edc1fde8935eb91064c5cb1aef9ad5494b940cf19c775ee833e075615
  tty-color (0.6.0) sha256=6f9c37ca3a4e2367fb2e6d09722762647d6f455c111f05b59f35730eeb24332a
  tty-logger (0.6.0) sha256=9352d0e3ebc4f9d59b63135806e38c0d6012adc04c907dde96db33daa64e50eb

BUNDLED WITH
  4.0.3
