GEM
  remote: https://rubygems.org/
  specs:
    image_size (3.4.0)
    md2review (1.12.1)
      redcarpet (> 2.0.0)
    pastel (0.8.0)
      tty-color (~> 0.5)
    rake (13.3.1)
    redcarpet (3.6.0)
    review (5.9.0)
      image_size
      rexml
      rouge
      rubyzip
      tty-logger
    rexml (3.4.2)
    rouge (4.3.0)
    rubyzip (2.3.2)
    tty-color (0.6.0)
    tty-logger (0.6.0)
      pastel (~> 0.8)

PLATFORMS
  ruby
  x86_64-linux

DEPENDENCIES
  md2review
  rake
  review

CHECKSUMS
  image_size (3.4.0) sha256=c6a580513fe74947e25e5d3f0aea1e33add6c20f7d0007efa65504317b7f029a
  md2review (1.12.1) sha256=47516478a7f66417856d893a9c68bf3107a9df04bb2c5cc5b201cbdbb6499948
  pastel (0.8.0) sha256=481da9fb7d2f6e6b1a08faf11fa10363172dc40fd47848f096ae21209f805a75
  rake (13.3.1) sha256=8c9e89d09f66a26a01264e7e3480ec0607f0c497a861ef16063604b1b08eb19c
  redcarpet (3.6.0) sha256=8ad1889c0355ff4c47174af14edd06d62f45a326da1da6e8a121d59bdcd2e9e9
  review (5.9.0) sha256=f6042c565a79f9e6afeab0c61b7953010ad40fd45d0268fd873aa74bf3b5b3ee
  rexml (3.4.2) sha256=1384268554a37af5da5279431ca3f2f37d46f09ffdd6c95e17cc84c83ea7c417
  rouge (4.3.0) sha256=9ee3d9ec53338e78c03fff0cbcd08881d80d69152349b046761e48ccf2de581c
  rubyzip (2.3.2) sha256=3f57e3935dc2255c414484fbf8d673b4909d8a6a57007ed754dde39342d2373f
  tty-color (0.6.0) sha256=6f9c37ca3a4e2367fb2e6d09722762647d6f455c111f05b59f35730eeb24332a
  tty-logger (0.6.0) sha256=9352d0e3ebc4f9d59b63135806e38c0d6012adc04c907dde96db33daa64e50eb

BUNDLED WITH
  4.0.3
